
Microsoft Visual Studio Solution File, Format Version 12.00
# Visual Studio Version 17
VisualStudioVersion = 17.11.35327.3
MinimumVisualStudioVersion = 10.0.40219.1
Project("{9A19103F-16F7-4668-BE54-9A1E7A4F7556}") = "ECommercelib.SharedLibrary", "..\ECommerce.SharedLibrarySolution\ECommercelib.SharedLibrary\ECommercelib.SharedLibrary.csproj", "{DAF50FA6-5B87-41DC-A5CB-9F4A1B22FB8B}"
EndProject
Project("{9A19103F-16F7-4668-BE54-9A1E7A4F7556}") = "ProducApi.Presentation", "..\ECommerce.ProductApiSolution\ProducApi.Presentation\ProducApi.Presentation.csproj", "{339D92F3-13F3-44FC-AC8E-18FF53851C51}"
EndProject
Project("{9A19103F-16F7-4668-BE54-9A1E7A4F7556}") = "OrderApi.Presentation", "..\ECommerce.OrderApiSolution\OrderApi.Presentation\OrderApi.Presentation.csproj", "{ED52CF97-9176-434A-A6F6-C122287B5F02}"
EndProject
Project("{9A19103F-16F7-4668-BE54-9A1E7A4F7556}") = "AuthApiSolution.Presentation", "..\ECommerce.AuthApiSolution\AuthApiSolution.Presentation\AuthApiSolution.Presentation.csproj", "{AFF13A0F-ECB8-442D-B607-3C1573D4C3EA}"
EndProject
Project("{9A19103F-16F7-4668-BE54-9A1E7A4F7556}") = "CouponApi.Presentation", "..\ECommerce.CouponApiSolution\CouponApi.Presentation\CouponApi.Presentation.csproj", "{8C8CB87A-FA10-4B88-BF16-F70AB7D5137C}"
EndProject
Project("{9A19103F-16F7-4668-BE54-9A1E7A4F7556}") = "EmailWebhook", "EmailWebhook\EmailWebhook.csproj", "{F6AE28FB-43E4-45D4-9AB2-D83C8C5138E6}"
EndProject
Global
	GlobalSection(SolutionConfigurationPlatforms) = preSolution
		Debug|Any CPU = Debug|Any CPU
		Release|Any CPU = Release|Any CPU
	EndGlobalSection
	GlobalSection(ProjectConfigurationPlatforms) = postSolution
		{DAF50FA6-5B87-41DC-A5CB-9F4A1B22FB8B}.Debug|Any CPU.ActiveCfg = Debug|Any CPU
		{DAF50FA6-5B87-41DC-A5CB-9F4A1B22FB8B}.Debug|Any CPU.Build.0 = Debug|Any CPU
		{DAF50FA6-5B87-41DC-A5CB-9F4A1B22FB8B}.Release|Any CPU.ActiveCfg = Release|Any CPU
		{DAF50FA6-5B87-41DC-A5CB-9F4A1B22FB8B}.Release|Any CPU.Build.0 = Release|Any CPU
		{339D92F3-13F3-44FC-AC8E-18FF53851C51}.Debug|Any CPU.ActiveCfg = Debug|Any CPU
		{339D92F3-13F3-44FC-AC8E-18FF53851C51}.Debug|Any CPU.Build.0 = Debug|Any CPU
		{339D92F3-13F3-44FC-AC8E-18FF53851C51}.Release|Any CPU.ActiveCfg = Release|Any CPU
		{339D92F3-13F3-44FC-AC8E-18FF53851C51}.Release|Any CPU.Build.0 = Release|Any CPU
		{ED52CF97-9176-434A-A6F6-C122287B5F02}.Debug|Any CPU.ActiveCfg = Debug|Any CPU
		{ED52CF97-9176-434A-A6F6-C122287B5F02}.Debug|Any CPU.Build.0 = Debug|Any CPU
		{ED52CF97-9176-434A-A6F6-C122287B5F02}.Release|Any CPU.ActiveCfg = Release|Any CPU
		{ED52CF97-9176-434A-A6F6-C122287B5F02}.Release|Any CPU.Build.0 = Release|Any CPU
		{AFF13A0F-ECB8-442D-B607-3C1573D4C3EA}.Debug|Any CPU.ActiveCfg = Debug|Any CPU
		{AFF13A0F-ECB8-442D-B607-3C1573D4C3EA}.Debug|Any CPU.Build.0 = Debug|Any CPU
		{AFF13A0F-ECB8-442D-B607-3C1573D4C3EA}.Release|Any CPU.ActiveCfg = Release|Any CPU
		{AFF13A0F-ECB8-442D-B607-3C1573D4C3EA}.Release|Any CPU.Build.0 = Release|Any CPU
		{8C8CB87A-FA10-4B88-BF16-F70AB7D5137C}.Debug|Any CPU.ActiveCfg = Debug|Any CPU
		{8C8CB87A-FA10-4B88-BF16-F70AB7D5137C}.Debug|Any CPU.Build.0 = Debug|Any CPU
		{8C8CB87A-FA10-4B88-BF16-F70AB7D5137C}.Release|Any CPU.ActiveCfg = Release|Any CPU
		{8C8CB87A-FA10-4B88-BF16-F70AB7D5137C}.Release|Any CPU.Build.0 = Release|Any CPU
		{F6AE28FB-43E4-45D4-9AB2-D83C8C5138E6}.Debug|Any CPU.ActiveCfg = Debug|Any CPU
		{F6AE28FB-43E4-45D4-9AB2-D83C8C5138E6}.Debug|Any CPU.Build.0 = Debug|Any CPU
		{F6AE28FB-43E4-45D4-9AB2-D83C8C5138E6}.Release|Any CPU.ActiveCfg = Release|Any CPU
		{F6AE28FB-43E4-45D4-9AB2-D83C8C5138E6}.Release|Any CPU.Build.0 = Release|Any CPU
	EndGlobalSection
	GlobalSection(SolutionProperties) = preSolution
		HideSolutionNode = FALSE
	EndGlobalSection
	GlobalSection(ExtensibilityGlobals) = postSolution
		SolutionGuid = {EECF3D96-48B7-4929-A2BE-F21111FC7801}
	EndGlobalSection
EndGlobal
