
Microsoft Visual Studio Solution File, Format Version 12.00
# Visual Studio Version 17
VisualStudioVersion = 17.11.35327.3
MinimumVisualStudioVersion = 10.0.40219.1
Project("{9A19103F-16F7-4668-BE54-9A1E7A4F7556}") = "ECommercelib.SharedLibrary", "..\ECommerce.SharedLibrarySolution\ECommercelib.SharedLibrary\ECommercelib.SharedLibrary.csproj", "{DAF50FA6-5B87-41DC-A5CB-9F4A1B22FB8B}"
EndProject
Project("{9A19103F-16F7-4668-BE54-9A1E7A4F7556}") = "EmailWebhook", "EmailWebhook\EmailWebhook.csproj", "{F6AE28FB-43E4-45D4-9AB2-D83C8C5138E6}"
EndProject
Project("{2150E333-8FDC-42A3-9474-1A3956D46DE8}") = "Элементы решения", "Элементы решения", "{EAC368B1-07FF-4407-A781-E2542AF319C7}"
	ProjectSection(SolutionItems) = preProject
		.gitignore = .gitignore
	EndProjectSection
EndProject
Project("{9A19103F-16F7-4668-BE54-9A1E7A4F7556}") = "AuthApiSolution.Presentation", "..\ECommerce.AuthApiSolution\AuthApiSolution.Presentation\AuthApiSolution.Presentation.csproj", "{833CF3BC-D716-44FE-A955-21B22F83027B}"
EndProject
Project("{9A19103F-16F7-4668-BE54-9A1E7A4F7556}") = "CouponApi.Presentation", "..\ECommerce.CouponApiSolution\CouponApi.Presentation\CouponApi.Presentation.csproj", "{E8B2ACD0-4C23-4532-9515-7EDEF3B0A2A1}"
EndProject
Project("{9A19103F-16F7-4668-BE54-9A1E7A4F7556}") = "OrderApi.Presentation", "..\ECommerce.OrderApiSolution\OrderApi.Presentation\OrderApi.Presentation.csproj", "{185D1BD9-57B5-48BE-8660-1BAA1F86437C}"
EndProject
Project("{9A19103F-16F7-4668-BE54-9A1E7A4F7556}") = "ProducApi.Presentation", "..\ECommerce.ProductApiSolution\ProducApi.Presentation\ProducApi.Presentation.csproj", "{54E57B74-BEDD-4ADC-AE66-15E054A3D3C0}"
EndProject
Global
	GlobalSection(SolutionConfigurationPlatforms) = preSolution
		Debug|Any CPU = Debug|Any CPU
		Release|Any CPU = Release|Any CPU
	EndGlobalSection
	GlobalSection(ProjectConfigurationPlatforms) = postSolution
		{DAF50FA6-5B87-41DC-A5CB-9F4A1B22FB8B}.Debug|Any CPU.ActiveCfg = Debug|Any CPU
		{DAF50FA6-5B87-41DC-A5CB-9F4A1B22FB8B}.Debug|Any CPU.Build.0 = Debug|Any CPU
		{DAF50FA6-5B87-41DC-A5CB-9F4A1B22FB8B}.Release|Any CPU.ActiveCfg = Release|Any CPU
		{DAF50FA6-5B87-41DC-A5CB-9F4A1B22FB8B}.Release|Any CPU.Build.0 = Release|Any CPU
		{F6AE28FB-43E4-45D4-9AB2-D83C8C5138E6}.Debug|Any CPU.ActiveCfg = Debug|Any CPU
		{F6AE28FB-43E4-45D4-9AB2-D83C8C5138E6}.Debug|Any CPU.Build.0 = Debug|Any CPU
		{F6AE28FB-43E4-45D4-9AB2-D83C8C5138E6}.Release|Any CPU.ActiveCfg = Release|Any CPU
		{F6AE28FB-43E4-45D4-9AB2-D83C8C5138E6}.Release|Any CPU.Build.0 = Release|Any CPU
		{833CF3BC-D716-44FE-A955-21B22F83027B}.Debug|Any CPU.ActiveCfg = Debug|Any CPU
		{833CF3BC-D716-44FE-A955-21B22F83027B}.Debug|Any CPU.Build.0 = Debug|Any CPU
		{833CF3BC-D716-44FE-A955-21B22F83027B}.Release|Any CPU.ActiveCfg = Release|Any CPU
		{833CF3BC-D716-44FE-A955-21B22F83027B}.Release|Any CPU.Build.0 = Release|Any CPU
		{E8B2ACD0-4C23-4532-9515-7EDEF3B0A2A1}.Debug|Any CPU.ActiveCfg = Debug|Any CPU
		{E8B2ACD0-4C23-4532-9515-7EDEF3B0A2A1}.Debug|Any CPU.Build.0 = Debug|Any CPU
		{E8B2ACD0-4C23-4532-9515-7EDEF3B0A2A1}.Release|Any CPU.ActiveCfg = Release|Any CPU
		{E8B2ACD0-4C23-4532-9515-7EDEF3B0A2A1}.Release|Any CPU.Build.0 = Release|Any CPU
		{185D1BD9-57B5-48BE-8660-1BAA1F86437C}.Debug|Any CPU.ActiveCfg = Debug|Any CPU
		{185D1BD9-57B5-48BE-8660-1BAA1F86437C}.Debug|Any CPU.Build.0 = Debug|Any CPU
		{185D1BD9-57B5-48BE-8660-1BAA1F86437C}.Release|Any CPU.ActiveCfg = Release|Any CPU
		{185D1BD9-57B5-48BE-8660-1BAA1F86437C}.Release|Any CPU.Build.0 = Release|Any CPU
		{54E57B74-BEDD-4ADC-AE66-15E054A3D3C0}.Debug|Any CPU.ActiveCfg = Debug|Any CPU
		{54E57B74-BEDD-4ADC-AE66-15E054A3D3C0}.Debug|Any CPU.Build.0 = Debug|Any CPU
		{54E57B74-BEDD-4ADC-AE66-15E054A3D3C0}.Release|Any CPU.ActiveCfg = Release|Any CPU
		{54E57B74-BEDD-4ADC-AE66-15E054A3D3C0}.Release|Any CPU.Build.0 = Release|Any CPU
	EndGlobalSection
	GlobalSection(SolutionProperties) = preSolution
		HideSolutionNode = FALSE
	EndGlobalSection
	GlobalSection(ExtensibilityGlobals) = postSolution
		SolutionGuid = {EECF3D96-48B7-4929-A2BE-F21111FC7801}
	EndGlobalSection
EndGlobal
