
Microsoft Visual Studio Solution File, Format Version 12.00
# Visual Studio Version 17
VisualStudioVersion = 17.11.35327.3
MinimumVisualStudioVersion = 10.0.40219.1
Project("{9A19103F-16F7-4668-BE54-9A1E7A4F7556}") = "OrderApi.Presentation", "OrderApi.Presentation\OrderApi.Presentation.csproj", "{4EAF56E0-05B3-406C-8D20-49E5D0C1F2FF}"
EndProject
Project("{9A19103F-16F7-4668-BE54-9A1E7A4F7556}") = "ECommercelib.SharedLibrary", "..\ECommerce.SharedLibrarySolution\ECommercelib.SharedLibrary\ECommercelib.SharedLibrary.csproj", "{05CEA8DE-D8CD-4327-B885-D51C4FCE3BCC}"
EndProject
Global
	GlobalSection(SolutionConfigurationPlatforms) = preSolution
		Debug|Any CPU = Debug|Any CPU
		Release|Any CPU = Release|Any CPU
	EndGlobalSection
	GlobalSection(ProjectConfigurationPlatforms) = postSolution
		{4EAF56E0-05B3-406C-8D20-49E5D0C1F2FF}.Debug|Any CPU.ActiveCfg = Debug|Any CPU
		{4EAF56E0-05B3-406C-8D20-49E5D0C1F2FF}.Debug|Any CPU.Build.0 = Debug|Any CPU
		{4EAF56E0-05B3-406C-8D20-49E5D0C1F2FF}.Release|Any CPU.ActiveCfg = Release|Any CPU
		{4EAF56E0-05B3-406C-8D20-49E5D0C1F2FF}.Release|Any CPU.Build.0 = Release|Any CPU
		{05CEA8DE-D8CD-4327-B885-D51C4FCE3BCC}.Debug|Any CPU.ActiveCfg = Debug|Any CPU
		{05CEA8DE-D8CD-4327-B885-D51C4FCE3BCC}.Debug|Any CPU.Build.0 = Debug|Any CPU
		{05CEA8DE-D8CD-4327-B885-D51C4FCE3BCC}.Release|Any CPU.ActiveCfg = Release|Any CPU
		{05CEA8DE-D8CD-4327-B885-D51C4FCE3BCC}.Release|Any CPU.Build.0 = Release|Any CPU
	EndGlobalSection
	GlobalSection(SolutionProperties) = preSolution
		HideSolutionNode = FALSE
	EndGlobalSection
	GlobalSection(ExtensibilityGlobals) = postSolution
		SolutionGuid = {0BB16E94-1A69-4C77-9A80-005D09A519F2}
	EndGlobalSection
EndGlobal
